
Microsoft Visual Studio Solution File, Format Version 12.00
# Visual Studio Version 16
VisualStudioVersion = 16.0.32126.315
MinimumVisualStudioVersion = 10.0.40219.1
Project("{FAE04EC0-301F-11D3-BF4B-00C04F79EFBC}") = "TelegramBot_Translater", "TelegramBot_Translater\TelegramBot_Translater.csproj", "{6C86B641-4D37-4644-9ACC-67206E8B580E}"
EndProject
Project("{FAE04EC0-301F-11D3-BF4B-00C04F79EFBC}") = "ViewPattern", "ViewPattern\ViewPattern.csproj", "{7940DBD5-52E4-4309-ADC5-DE855640A602}"
EndProject
Global
	GlobalSection(SolutionConfigurationPlatforms) = preSolution
		Debug|Any CPU = Debug|Any CPU
		Release|Any CPU = Release|Any CPU
	EndGlobalSection
	GlobalSection(ProjectConfigurationPlatforms) = postSolution
		{6C86B641-4D37-4644-9ACC-67206E8B580E}.Debug|Any CPU.ActiveCfg = Debug|Any CPU
		{6C86B641-4D37-4644-9ACC-67206E8B580E}.Debug|Any CPU.Build.0 = Debug|Any CPU
		{6C86B641-4D37-4644-9ACC-67206E8B580E}.Release|Any CPU.ActiveCfg = Release|Any CPU
		{6C86B641-4D37-4644-9ACC-67206E8B580E}.Release|Any CPU.Build.0 = Release|Any CPU
		{7940DBD5-52E4-4309-ADC5-DE855640A602}.Debug|Any CPU.ActiveCfg = Debug|Any CPU
		{7940DBD5-52E4-4309-ADC5-DE855640A602}.Debug|Any CPU.Build.0 = Debug|Any CPU
		{7940DBD5-52E4-4309-ADC5-DE855640A602}.Release|Any CPU.ActiveCfg = Release|Any CPU
		{7940DBD5-52E4-4309-ADC5-DE855640A602}.Release|Any CPU.Build.0 = Release|Any CPU
	EndGlobalSection
	GlobalSection(SolutionProperties) = preSolution
		HideSolutionNode = FALSE
	EndGlobalSection
	GlobalSection(ExtensibilityGlobals) = postSolution
		SolutionGuid = {DE9FFF44-7029-4CC3-AB11-C26942FD2706}
	EndGlobalSection
EndGlobal
